
Microsoft Visual Studio Solution File, Format Version 12.00
# Visual Studio Version 16
VisualStudioVersion = 25.0.1700.0
MinimumVisualStudioVersion = 10.0.40219.1
Project("{FAE04EC0-301F-11D3-BF4B-00C04F79EFBC}") = "phoneNumberValidator", "phoneNumberValidator\phoneNumberValidator.csproj", "{573F7F96-5FD7-40F7-8122-BD4D4ED41812}"
EndProject
Project("{FAE04EC0-301F-11D3-BF4B-00C04F79EFBC}") = "phoneNumberValidator.UnitTests", "phoneNumberValidator.UnitTests\phoneNumberValidator.UnitTests.csproj", "{FC4016A2-1D11-489F-A139-26F528D186E1}"
EndProject
Global
	GlobalSection(SolutionConfigurationPlatforms) = preSolution
		Debug|Any CPU = Debug|Any CPU
		Release|Any CPU = Release|Any CPU
	EndGlobalSection
	GlobalSection(ProjectConfigurationPlatforms) = postSolution
		{573F7F96-5FD7-40F7-8122-BD4D4ED41812}.Debug|Any CPU.ActiveCfg = Debug|Any CPU
		{573F7F96-5FD7-40F7-8122-BD4D4ED41812}.Debug|Any CPU.Build.0 = Debug|Any CPU
		{573F7F96-5FD7-40F7-8122-BD4D4ED41812}.Release|Any CPU.ActiveCfg = Release|Any CPU
		{573F7F96-5FD7-40F7-8122-BD4D4ED41812}.Release|Any CPU.Build.0 = Release|Any CPU
		{FC4016A2-1D11-489F-A139-26F528D186E1}.Debug|Any CPU.ActiveCfg = Debug|Any CPU
		{FC4016A2-1D11-489F-A139-26F528D186E1}.Debug|Any CPU.Build.0 = Debug|Any CPU
		{FC4016A2-1D11-489F-A139-26F528D186E1}.Release|Any CPU.ActiveCfg = Release|Any CPU
		{FC4016A2-1D11-489F-A139-26F528D186E1}.Release|Any CPU.Build.0 = Release|Any CPU
	EndGlobalSection
	GlobalSection(SolutionProperties) = preSolution
		HideSolutionNode = FALSE
	EndGlobalSection
	GlobalSection(ExtensibilityGlobals) = postSolution
		SolutionGuid = {AA30F059-10AF-403E-8339-629F99027624}
	EndGlobalSection
EndGlobal
